
Microsoft Visual Studio Solution File, Format Version 12.00
# Visual Studio Version 17
VisualStudioVersion = 17.7.34031.279
MinimumVisualStudioVersion = 10.0.40219.1
Project("{FAE04EC0-301F-11D3-BF4B-00C04F79EFBC}") = "W24ExamFinal", "W24ExamFinal.csproj", "{4F7E2699-DFDE-4ADD-89F3-A9EE902CD4DA}"
EndProject
Global
	GlobalSection(SolutionConfigurationPlatforms) = preSolution
		Debug|Any CPU = Debug|Any CPU
		Release|Any CPU = Release|Any CPU
	EndGlobalSection
	GlobalSection(ProjectConfigurationPlatforms) = postSolution
		{4F7E2699-DFDE-4ADD-89F3-A9EE902CD4DA}.Debug|Any CPU.ActiveCfg = Debug|Any CPU
		{4F7E2699-DFDE-4ADD-89F3-A9EE902CD4DA}.Debug|Any CPU.Build.0 = Debug|Any CPU
		{4F7E2699-DFDE-4ADD-89F3-A9EE902CD4DA}.Release|Any CPU.ActiveCfg = Release|Any CPU
		{4F7E2699-DFDE-4ADD-89F3-A9EE902CD4DA}.Release|Any CPU.Build.0 = Release|Any CPU
	EndGlobalSection
	GlobalSection(SolutionProperties) = preSolution
		HideSolutionNode = FALSE
	EndGlobalSection
	GlobalSection(ExtensibilityGlobals) = postSolution
		SolutionGuid = {3AD87C86-8772-42FB-84CE-9F473BA692D5}
	EndGlobalSection
EndGlobal
